
Microsoft Visual Studio Solution File, Format Version 12.00
# Visual Studio 2012
Project("{FAE04EC0-301F-11D3-BF4B-00C04F79EFBC}") = "hok", "hok.csproj", "{33236373-6AFE-43B2-B305-7083580B7776}"
EndProject
Project("{FAE04EC0-301F-11D3-BF4B-00C04F79EFBC}") = "ConsoleApplication2", "..\test\ConsoleApplication1\ConsoleApplication2\ConsoleApplication2.csproj", "{02189389-7AD1-4D64-9A32-9252589E34E1}"
EndProject
Project("{FAE04EC0-301F-11D3-BF4B-00C04F79EFBC}") = "ConsoleApplication", "..\..\..\codeing\slot\ConsoleApplication\ConsoleApplication.csproj", "{D6F42429-AA9C-4693-A99C-D4FB4AF115DA}"
EndProject
Global
	GlobalSection(SolutionConfigurationPlatforms) = preSolution
		Debug|Any CPU = Debug|Any CPU
		Debug|Mixed Platforms = Debug|Mixed Platforms
		Debug|x86 = Debug|x86
		Release|Any CPU = Release|Any CPU
		Release|Mixed Platforms = Release|Mixed Platforms
		Release|x86 = Release|x86
	EndGlobalSection
	GlobalSection(ProjectConfigurationPlatforms) = postSolution
		{33236373-6AFE-43B2-B305-7083580B7776}.Debug|Any CPU.ActiveCfg = Debug|x86
		{33236373-6AFE-43B2-B305-7083580B7776}.Debug|Mixed Platforms.ActiveCfg = Debug|x86
		{33236373-6AFE-43B2-B305-7083580B7776}.Debug|Mixed Platforms.Build.0 = Debug|x86
		{33236373-6AFE-43B2-B305-7083580B7776}.Debug|x86.ActiveCfg = Debug|x86
		{33236373-6AFE-43B2-B305-7083580B7776}.Debug|x86.Build.0 = Debug|x86
		{33236373-6AFE-43B2-B305-7083580B7776}.Release|Any CPU.ActiveCfg = Release|x86
		{33236373-6AFE-43B2-B305-7083580B7776}.Release|Mixed Platforms.ActiveCfg = Release|x86
		{33236373-6AFE-43B2-B305-7083580B7776}.Release|Mixed Platforms.Build.0 = Release|x86
		{33236373-6AFE-43B2-B305-7083580B7776}.Release|x86.ActiveCfg = Release|x86
		{33236373-6AFE-43B2-B305-7083580B7776}.Release|x86.Build.0 = Release|x86
		{02189389-7AD1-4D64-9A32-9252589E34E1}.Debug|Any CPU.ActiveCfg = Debug|Any CPU
		{02189389-7AD1-4D64-9A32-9252589E34E1}.Debug|Any CPU.Build.0 = Debug|Any CPU
		{02189389-7AD1-4D64-9A32-9252589E34E1}.Debug|Mixed Platforms.ActiveCfg = Debug|Any CPU
		{02189389-7AD1-4D64-9A32-9252589E34E1}.Debug|Mixed Platforms.Build.0 = Debug|Any CPU
		{02189389-7AD1-4D64-9A32-9252589E34E1}.Debug|x86.ActiveCfg = Debug|Any CPU
		{02189389-7AD1-4D64-9A32-9252589E34E1}.Release|Any CPU.ActiveCfg = Release|Any CPU
		{02189389-7AD1-4D64-9A32-9252589E34E1}.Release|Any CPU.Build.0 = Release|Any CPU
		{02189389-7AD1-4D64-9A32-9252589E34E1}.Release|Mixed Platforms.ActiveCfg = Release|Any CPU
		{02189389-7AD1-4D64-9A32-9252589E34E1}.Release|Mixed Platforms.Build.0 = Release|Any CPU
		{02189389-7AD1-4D64-9A32-9252589E34E1}.Release|x86.ActiveCfg = Release|Any CPU
		{D6F42429-AA9C-4693-A99C-D4FB4AF115DA}.Debug|Any CPU.ActiveCfg = Debug|Any CPU
		{D6F42429-AA9C-4693-A99C-D4FB4AF115DA}.Debug|Any CPU.Build.0 = Debug|Any CPU
		{D6F42429-AA9C-4693-A99C-D4FB4AF115DA}.Debug|Mixed Platforms.ActiveCfg = Debug|Any CPU
		{D6F42429-AA9C-4693-A99C-D4FB4AF115DA}.Debug|Mixed Platforms.Build.0 = Debug|Any CPU
		{D6F42429-AA9C-4693-A99C-D4FB4AF115DA}.Debug|x86.ActiveCfg = Debug|Any CPU
		{D6F42429-AA9C-4693-A99C-D4FB4AF115DA}.Release|Any CPU.ActiveCfg = Release|Any CPU
		{D6F42429-AA9C-4693-A99C-D4FB4AF115DA}.Release|Any CPU.Build.0 = Release|Any CPU
		{D6F42429-AA9C-4693-A99C-D4FB4AF115DA}.Release|Mixed Platforms.ActiveCfg = Release|Any CPU
		{D6F42429-AA9C-4693-A99C-D4FB4AF115DA}.Release|Mixed Platforms.Build.0 = Release|Any CPU
		{D6F42429-AA9C-4693-A99C-D4FB4AF115DA}.Release|x86.ActiveCfg = Release|Any CPU
	EndGlobalSection
	GlobalSection(SolutionProperties) = preSolution
		HideSolutionNode = FALSE
	EndGlobalSection
EndGlobal
